
Microsoft Visual Studio Solution File, Format Version 12.00
# Visual Studio Version 16
VisualStudioVersion = 16.0.31019.35
MinimumVisualStudioVersion = 10.0.40219.1
Project("{FAE04EC0-301F-11D3-BF4B-00C04F79EFBC}") = "ldouble", "ldouble.csproj", "{FE825116-B015-48E2-956C-05B50FB907F4}"
EndProject
Global
	GlobalSection(SolutionConfigurationPlatforms) = preSolution
		Debug|Any CPU = Debug|Any CPU
		Release|Any CPU = Release|Any CPU
	EndGlobalSection
	GlobalSection(ProjectConfigurationPlatforms) = postSolution
		{FE825116-B015-48E2-956C-05B50FB907F4}.Debug|Any CPU.ActiveCfg = Debug|Any CPU
		{FE825116-B015-48E2-956C-05B50FB907F4}.Debug|Any CPU.Build.0 = Debug|Any CPU
		{FE825116-B015-48E2-956C-05B50FB907F4}.Release|Any CPU.ActiveCfg = Release|Any CPU
		{FE825116-B015-48E2-956C-05B50FB907F4}.Release|Any CPU.Build.0 = Release|Any CPU
	EndGlobalSection
	GlobalSection(SolutionProperties) = preSolution
		HideSolutionNode = FALSE
	EndGlobalSection
	GlobalSection(ExtensibilityGlobals) = postSolution
		SolutionGuid = {D4E21418-68E7-45FE-A842-224644E9E6E9}
	EndGlobalSection
EndGlobal
